// !$*UTF8*$!
{
	archiveVersion = 1;
	classes = {
	};
	objectVersion = 46;
	objects = {

/* Begin PBXBuildFile section */
		746801A51F3B43A3008033AA /* main.m in Sources */ = {isa = PBXBuildFile; fileRef = 746801A41F3B43A3008033AA /* main.m */; };
		746801A81F3B43A3008033AA /* AppDelegate.m in Sources */ = {isa = PBXBuildFile; fileRef = 746801A71F3B43A3008033AA /* AppDelegate.m */; };
		746801AB1F3B43A3008033AA /* ViewController.m in Sources */ = {isa = PBXBuildFile; fileRef = 746801AA1F3B43A3008033AA /* ViewController.m */; };
		746801AE1F3B43A3008033AA /* Main.storyboard in Resources */ = {isa = PBXBuildFile; fileRef = 746801AC1F3B43A3008033AA /* Main.storyboard */; };
		746801B01F3B43A3008033AA /* Assets.xcassets in Resources */ = {isa = PBXBuildFile; fileRef = 746801AF1F3B43A3008033AA /* Assets.xcassets */; };
		746801B31F3B43A3008033AA /* LaunchScreen.storyboard in Resources */ = {isa = PBXBuildFile; fileRef = 746801B11F3B43A3008033AA /* LaunchScreen.storyboard */; };
		746801BE1F3B43A3008033AA /* PushTestAppTests.m in Sources */ = {isa = PBXBuildFile; fileRef = 746801BD1F3B43A3008033AA /* PushTestAppTests.m */; };
		746801C91F3B43A3008033AA /* PushTestAppUITests.m in Sources */ = {isa = PBXBuildFile; fileRef = 746801C81F3B43A3008033AA /* PushTestAppUITests.m */; };
		746C4F5B1F3D57A400C72C01 /* imageName@2x.png in Resources */ = {isa = PBXBuildFile; fileRef = 746C4F5A1F3D57A400C72C01 /* imageName@2x.png */; };
		746C4F641F3D92E300C72C01 /* NotificationService.m in Sources */ = {isa = PBXBuildFile; fileRef = 746C4F631F3D92E300C72C01 /* NotificationService.m */; };
		746C4F681F3D92E300C72C01 /* pushService.appex in Embed App Extensions */ = {isa = PBXBuildFile; fileRef = 746C4F601F3D92E300C72C01 /* pushService.appex */; settings = {ATTRIBUTES = (RemoveHeadersOnCopy, ); }; };
		746C4F741F3EEC2900C72C01 /* UserNotifications.framework in Frameworks */ = {isa = PBXBuildFile; fileRef = 746C4F731F3EEC2900C72C01 /* UserNotifications.framework */; };
		746C4F761F3EEC2900C72C01 /* UserNotificationsUI.framework in Frameworks */ = {isa = PBXBuildFile; fileRef = 746C4F751F3EEC2900C72C01 /* UserNotificationsUI.framework */; };
		746C4F7A1F3EEC2900C72C01 /* NotificationViewController.m in Sources */ = {isa = PBXBuildFile; fileRef = 746C4F791F3EEC2900C72C01 /* NotificationViewController.m */; };
		746C4F7D1F3EEC2900C72C01 /* MainInterface.storyboard in Resources */ = {isa = PBXBuildFile; fileRef = 746C4F7B1F3EEC2900C72C01 /* MainInterface.storyboard */; };
		746C4F811F3EEC2900C72C01 /* Notification.appex in Embed App Extensions */ = {isa = PBXBuildFile; fileRef = 746C4F711F3EEC2800C72C01 /* Notification.appex */; settings = {ATTRIBUTES = (RemoveHeadersOnCopy, ); }; };
/* End PBXBuildFile section */

/* Begin PBXContainerItemProxy section */
		746801BA1F3B43A3008033AA /* PBXContainerItemProxy */ = {
			isa = PBXContainerItemProxy;
			containerPortal = 746801981F3B43A3008033AA /* Project object */;
			proxyType = 1;
			remoteGlobalIDString = 7468019F1F3B43A3008033AA;
			remoteInfo = PushTestApp;
		};
		746801C51F3B43A3008033AA /* PBXContainerItemProxy */ = {
			isa = PBXContainerItemProxy;
			containerPortal = 746801981F3B43A3008033AA /* Project object */;
			proxyType = 1;
			remoteGlobalIDString = 7468019F1F3B43A3008033AA;
			remoteInfo = PushTestApp;
		};
		746C4F661F3D92E300C72C01 /* PBXContainerItemProxy */ = {
			isa = PBXContainerItemProxy;
			containerPortal = 746801981F3B43A3008033AA /* Project object */;
			proxyType = 1;
			remoteGlobalIDString = 746C4F5F1F3D92E300C72C01;
			remoteInfo = pushService;
		};
		746C4F7F1F3EEC2900C72C01 /* PBXContainerItemProxy */ = {
			isa = PBXContainerItemProxy;
			containerPortal = 746801981F3B43A3008033AA /* Project object */;
			proxyType = 1;
			remoteGlobalIDString = 746C4F701F3EEC2800C72C01;
			remoteInfo = Notification;
		};
/* End PBXContainerItemProxy section */

/* Begin PBXCopyFilesBuildPhase section */
		746C4F6C1F3D92E300C72C01 /* Embed App Extensions */ = {
			isa = PBXCopyFilesBuildPhase;
			buildActionMask = 2147483647;
			dstPath = "";
			dstSubfolderSpec = 13;
			files = (
				746C4F681F3D92E300C72C01 /* pushService.appex in Embed App Extensions */,
				746C4F811F3EEC2900C72C01 /* Notification.appex in Embed App Extensions */,
			);
			name = "Embed App Extensions";
			runOnlyForDeploymentPostprocessing = 0;
		};
/* End PBXCopyFilesBuildPhase section */

/* Begin PBXFileReference section */
		746801A01F3B43A3008033AA /* PushTestApp.app */ = {isa = PBXFileReference; explicitFileType = wrapper.application; includeInIndex = 0; path = PushTestApp.app; sourceTree = BUILT_PRODUCTS_DIR; };
		746801A41F3B43A3008033AA /* main.m */ = {isa = PBXFileReference; lastKnownFileType = sourcecode.c.objc; path = main.m; sourceTree = "<group>"; };
		746801A61F3B43A3008033AA /* AppDelegate.h */ = {isa = PBXFileReference; lastKnownFileType = sourcecode.c.h; path = AppDelegate.h; sourceTree = "<group>"; };
		746801A71F3B43A3008033AA /* AppDelegate.m */ = {isa = PBXFileReference; lastKnownFileType = sourcecode.c.objc; path = AppDelegate.m; sourceTree = "<group>"; };
		746801A91F3B43A3008033AA /* ViewController.h */ = {isa = PBXFileReference; lastKnownFileType = sourcecode.c.h; path = ViewController.h; sourceTree = "<group>"; };
		746801AA1F3B43A3008033AA /* ViewController.m */ = {isa = PBXFileReference; lastKnownFileType = sourcecode.c.objc; path = ViewController.m; sourceTree = "<group>"; };
		746801AD1F3B43A3008033AA /* Base */ = {isa = PBXFileReference; lastKnownFileType = file.storyboard; name = Base; path = Base.lproj/Main.storyboard; sourceTree = "<group>"; };
		746801AF1F3B43A3008033AA /* Assets.xcassets */ = {isa = PBXFileReference; lastKnownFileType = folder.assetcatalog; path = Assets.xcassets; sourceTree = "<group>"; };
		746801B21F3B43A3008033AA /* Base */ = {isa = PBXFileReference; lastKnownFileType = file.storyboard; name = Base; path = Base.lproj/LaunchScreen.storyboard; sourceTree = "<group>"; };
		746801B41F3B43A3008033AA /* Info.plist */ = {isa = PBXFileReference; lastKnownFileType = text.plist.xml; path = Info.plist; sourceTree = "<group>"; };
		746801B91F3B43A3008033AA /* PushTestAppTests.xctest */ = {isa = PBXFileReference; explicitFileType = wrapper.cfbundle; includeInIndex = 0; path = PushTestAppTests.xctest; sourceTree = BUILT_PRODUCTS_DIR; };
		746801BD1F3B43A3008033AA /* PushTestAppTests.m */ = {isa = PBXFileReference; lastKnownFileType = sourcecode.c.objc; path = PushTestAppTests.m; sourceTree = "<group>"; };
		746801BF1F3B43A3008033AA /* Info.plist */ = {isa = PBXFileReference; lastKnownFileType = text.plist.xml; path = Info.plist; sourceTree = "<group>"; };
		746801C41F3B43A3008033AA /* PushTestAppUITests.xctest */ = {isa = PBXFileReference; explicitFileType = wrapper.cfbundle; includeInIndex = 0; path = PushTestAppUITests.xctest; sourceTree = BUILT_PRODUCTS_DIR; };
		746801C81F3B43A3008033AA /* PushTestAppUITests.m */ = {isa = PBXFileReference; lastKnownFileType = sourcecode.c.objc; path = PushTestAppUITests.m; sourceTree = "<group>"; };
		746801CA1F3B43A3008033AA /* Info.plist */ = {isa = PBXFileReference; lastKnownFileType = text.plist.xml; path = Info.plist; sourceTree = "<group>"; };
		746C4F5A1F3D57A400C72C01 /* imageName@2x.png */ = {isa = PBXFileReference; lastKnownFileType = image.png; path = "imageName@2x.png"; sourceTree = "<group>"; };
		746C4F601F3D92E300C72C01 /* pushService.appex */ = {isa = PBXFileReference; explicitFileType = "wrapper.app-extension"; includeInIndex = 0; path = pushService.appex; sourceTree = BUILT_PRODUCTS_DIR; };
		746C4F621F3D92E300C72C01 /* NotificationService.h */ = {isa = PBXFileReference; lastKnownFileType = sourcecode.c.h; path = NotificationService.h; sourceTree = "<group>"; };
		746C4F631F3D92E300C72C01 /* NotificationService.m */ = {isa = PBXFileReference; lastKnownFileType = sourcecode.c.objc; path = NotificationService.m; sourceTree = "<group>"; };
		746C4F651F3D92E300C72C01 /* Info.plist */ = {isa = PBXFileReference; lastKnownFileType = text.plist.xml; path = Info.plist; sourceTree = "<group>"; };
		746C4F711F3EEC2800C72C01 /* Notification.appex */ = {isa = PBXFileReference; explicitFileType = "wrapper.app-extension"; includeInIndex = 0; path = Notification.appex; sourceTree = BUILT_PRODUCTS_DIR; };
		746C4F731F3EEC2900C72C01 /* UserNotifications.framework */ = {isa = PBXFileReference; lastKnownFileType = wrapper.framework; name = UserNotifications.framework; path = System/Library/Frameworks/UserNotifications.framework; sourceTree = SDKROOT; };
		746C4F751F3EEC2900C72C01 /* UserNotificationsUI.framework */ = {isa = PBXFileReference; lastKnownFileType = wrapper.framework; name = UserNotificationsUI.framework; path = System/Library/Frameworks/UserNotificationsUI.framework; sourceTree = SDKROOT; };
		746C4F781F3EEC2900C72C01 /* NotificationViewController.h */ = {isa = PBXFileReference; lastKnownFileType = sourcecode.c.h; path = NotificationViewController.h; sourceTree = "<group>"; };
		746C4F791F3EEC2900C72C01 /* NotificationViewController.m */ = {isa = PBXFileReference; lastKnownFileType = sourcecode.c.objc; path = NotificationViewController.m; sourceTree = "<group>"; };
		746C4F7C1F3EEC2900C72C01 /* Base */ = {isa = PBXFileReference; lastKnownFileType = file.storyboard; name = Base; path = Base.lproj/MainInterface.storyboard; sourceTree = "<group>"; };
		746C4F7E1F3EEC2900C72C01 /* Info.plist */ = {isa = PBXFileReference; lastKnownFileType = text.plist.xml; path = Info.plist; sourceTree = "<group>"; };
/* End PBXFileReference section */

/* Begin PBXFrameworksBuildPhase section */
		7468019D1F3B43A3008033AA /* Frameworks */ = {
			isa = PBXFrameworksBuildPhase;
			buildActionMask = 2147483647;
			files = (
			);
			runOnlyForDeploymentPostprocessing = 0;
		};
		746801B61F3B43A3008033AA /* Frameworks */ = {
			isa = PBXFrameworksBuildPhase;
			buildActionMask = 2147483647;
			files = (
			);
			runOnlyForDeploymentPostprocessing = 0;
		};
		746801C11F3B43A3008033AA /* Frameworks */ = {
			isa = PBXFrameworksBuildPhase;
			buildActionMask = 2147483647;
			files = (
			);
			runOnlyForDeploymentPostprocessing = 0;
		};
		746C4F5D1F3D92E300C72C01 /* Frameworks */ = {
			isa = PBXFrameworksBuildPhase;
			buildActionMask = 2147483647;
			files = (
			);
			runOnlyForDeploymentPostprocessing = 0;
		};
		746C4F6E1F3EEC2800C72C01 /* Frameworks */ = {
			isa = PBXFrameworksBuildPhase;
			buildActionMask = 2147483647;
			files = (
				746C4F761F3EEC2900C72C01 /* UserNotificationsUI.framework in Frameworks */,
				746C4F741F3EEC2900C72C01 /* UserNotifications.framework in Frameworks */,
			);
			runOnlyForDeploymentPostprocessing = 0;
		};
/* End PBXFrameworksBuildPhase section */

/* Begin PBXGroup section */
		746801971F3B43A3008033AA = {
			isa = PBXGroup;
			children = (
				746801A21F3B43A3008033AA /* PushTestApp */,
				746801BC1F3B43A3008033AA /* PushTestAppTests */,
				746801C71F3B43A3008033AA /* PushTestAppUITests */,
				746C4F611F3D92E300C72C01 /* pushService */,
				746C4F771F3EEC2900C72C01 /* Notification */,
				746C4F721F3EEC2900C72C01 /* Frameworks */,
				746801A11F3B43A3008033AA /* Products */,
			);
			sourceTree = "<group>";
		};
		746801A11F3B43A3008033AA /* Products */ = {
			isa = PBXGroup;
			children = (
				746801A01F3B43A3008033AA /* PushTestApp.app */,
				746801B91F3B43A3008033AA /* PushTestAppTests.xctest */,
				746801C41F3B43A3008033AA /* PushTestAppUITests.xctest */,
				746C4F601F3D92E300C72C01 /* pushService.appex */,
				746C4F711F3EEC2800C72C01 /* Notification.appex */,
			);
			name = Products;
			sourceTree = "<group>";
		};
		746801A21F3B43A3008033AA /* PushTestApp */ = {
			isa = PBXGroup;
			children = (
				746C4F5A1F3D57A400C72C01 /* imageName@2x.png */,
				746801A61F3B43A3008033AA /* AppDelegate.h */,
				746801A71F3B43A3008033AA /* AppDelegate.m */,
				746801A91F3B43A3008033AA /* ViewController.h */,
				746801AA1F3B43A3008033AA /* ViewController.m */,
				746801AC1F3B43A3008033AA /* Main.storyboard */,
				746801AF1F3B43A3008033AA /* Assets.xcassets */,
				746801B11F3B43A3008033AA /* LaunchScreen.storyboard */,
				746801B41F3B43A3008033AA /* Info.plist */,
				746801A31F3B43A3008033AA /* Supporting Files */,
			);
			path = PushTestApp;
			sourceTree = "<group>";
		};
		746801A31F3B43A3008033AA /* Supporting Files */ = {
			isa = PBXGroup;
			children = (
				746801A41F3B43A3008033AA /* main.m */,
			);
			name = "Supporting Files";
			sourceTree = "<group>";
		};
		746801BC1F3B43A3008033AA /* PushTestAppTests */ = {
			isa = PBXGroup;
			children = (
				746801BD1F3B43A3008033AA /* PushTestAppTests.m */,
				746801BF1F3B43A3008033AA /* Info.plist */,
			);
			path = PushTestAppTests;
			sourceTree = "<group>";
		};
		746801C71F3B43A3008033AA /* PushTestAppUITests */ = {
			isa = PBXGroup;
			children = (
				746801C81F3B43A3008033AA /* PushTestAppUITests.m */,
				746801CA1F3B43A3008033AA /* Info.plist */,
			);
			path = PushTestAppUITests;
			sourceTree = "<group>";
		};
		746C4F611F3D92E300C72C01 /* pushService */ = {
			isa = PBXGroup;
			children = (
				746C4F621F3D92E300C72C01 /* NotificationService.h */,
				746C4F631F3D92E300C72C01 /* NotificationService.m */,
				746C4F651F3D92E300C72C01 /* Info.plist */,
			);
			path = pushService;
			sourceTree = "<group>";
		};
		746C4F721F3EEC2900C72C01 /* Frameworks */ = {
			isa = PBXGroup;
			children = (
				746C4F731F3EEC2900C72C01 /* UserNotifications.framework */,
				746C4F751F3EEC2900C72C01 /* UserNotificationsUI.framework */,
			);
			name = Frameworks;
			sourceTree = "<group>";
		};
		746C4F771F3EEC2900C72C01 /* Notification */ = {
			isa = PBXGroup;
			children = (
				746C4F781F3EEC2900C72C01 /* NotificationViewController.h */,
				746C4F791F3EEC2900C72C01 /* NotificationViewController.m */,
				746C4F7B1F3EEC2900C72C01 /* MainInterface.storyboard */,
				746C4F7E1F3EEC2900C72C01 /* Info.plist */,
			);
			path = Notification;
			sourceTree = "<group>";
		};
/* End PBXGroup section */

/* Begin PBXNativeTarget section */
		7468019F1F3B43A3008033AA /* PushTestApp */ = {
			isa = PBXNativeTarget;
			buildConfigurationList = 746801CD1F3B43A3008033AA /* Build configuration list for PBXNativeTarget "PushTestApp" */;
			buildPhases = (
				7468019C1F3B43A3008033AA /* Sources */,
				7468019D1F3B43A3008033AA /* Frameworks */,
				7468019E1F3B43A3008033AA /* Resources */,
				746C4F6C1F3D92E300C72C01 /* Embed App Extensions */,
			);
			buildRules = (
			);
			dependencies = (
				746C4F671F3D92E300C72C01 /* PBXTargetDependency */,
				746C4F801F3EEC2900C72C01 /* PBXTargetDependency */,
			);
			name = PushTestApp;
			productName = PushTestApp;
			productReference = 746801A01F3B43A3008033AA /* PushTestApp.app */;
			productType = "com.apple.product-type.application";
		};
		746801B81F3B43A3008033AA /* PushTestAppTests */ = {
			isa = PBXNativeTarget;
			buildConfigurationList = 746801D01F3B43A3008033AA /* Build configuration list for PBXNativeTarget "PushTestAppTests" */;
			buildPhases = (
				746801B51F3B43A3008033AA /* Sources */,
				746801B61F3B43A3008033AA /* Frameworks */,
				746801B71F3B43A3008033AA /* Resources */,
			);
			buildRules = (
			);
			dependencies = (
				746801BB1F3B43A3008033AA /* PBXTargetDependency */,
			);
			name = PushTestAppTests;
			productName = PushTestAppTests;
			productReference = 746801B91F3B43A3008033AA /* PushTestAppTests.xctest */;
			productType = "com.apple.product-type.bundle.unit-test";
		};
		746801C31F3B43A3008033AA /* PushTestAppUITests */ = {
			isa = PBXNativeTarget;
			buildConfigurationList = 746801D31F3B43A3008033AA /* Build configuration list for PBXNativeTarget "PushTestAppUITests" */;
			buildPhases = (
				746801C01F3B43A3008033AA /* Sources */,
				746801C11F3B43A3008033AA /* Frameworks */,
				746801C21F3B43A3008033AA /* Resources */,
			);
			buildRules = (
			);
			dependencies = (
				746801C61F3B43A3008033AA /* PBXTargetDependency */,
			);
			name = PushTestAppUITests;
			productName = PushTestAppUITests;
			productReference = 746801C41F3B43A3008033AA /* PushTestAppUITests.xctest */;
			productType = "com.apple.product-type.bundle.ui-testing";
		};
		746C4F5F1F3D92E300C72C01 /* pushService */ = {
			isa = PBXNativeTarget;
			buildConfigurationList = 746C4F6B1F3D92E300C72C01 /* Build configuration list for PBXNativeTarget "pushService" */;
			buildPhases = (
				746C4F5C1F3D92E300C72C01 /* Sources */,
				746C4F5D1F3D92E300C72C01 /* Frameworks */,
				746C4F5E1F3D92E300C72C01 /* Resources */,
			);
			buildRules = (
			);
			dependencies = (
			);
			name = pushService;
			productName = pushService;
			productReference = 746C4F601F3D92E300C72C01 /* pushService.appex */;
			productType = "com.apple.product-type.app-extension";
		};
		746C4F701F3EEC2800C72C01 /* Notification */ = {
			isa = PBXNativeTarget;
			buildConfigurationList = 746C4F821F3EEC2900C72C01 /* Build configuration list for PBXNativeTarget "Notification" */;
			buildPhases = (
				746C4F6D1F3EEC2800C72C01 /* Sources */,
				746C4F6E1F3EEC2800C72C01 /* Frameworks */,
				746C4F6F1F3EEC2800C72C01 /* Resources */,
			);
			buildRules = (
			);
			dependencies = (
			);
			name = Notification;
			productName = Notification;
			productReference = 746C4F711F3EEC2800C72C01 /* Notification.appex */;
			productType = "com.apple.product-type.app-extension";
		};
/* End PBXNativeTarget section */

/* Begin PBXProject section */
		746801981F3B43A3008033AA /* Project object */ = {
			isa = PBXProject;
			attributes = {
				LastUpgradeCheck = 0830;
				ORGANIZATIONNAME = WangShengKui;
				TargetAttributes = {
					7468019F1F3B43A3008033AA = {
						CreatedOnToolsVersion = 8.3.3;
						DevelopmentTeam = J9WL29R87J;
						ProvisioningStyle = Automatic;
					};
					746801B81F3B43A3008033AA = {
						CreatedOnToolsVersion = 8.3.3;
						DevelopmentTeam = J9WL29R87J;
						ProvisioningStyle = Automatic;
						TestTargetID = 7468019F1F3B43A3008033AA;
					};
					746801C31F3B43A3008033AA = {
						CreatedOnToolsVersion = 8.3.3;
						DevelopmentTeam = J9WL29R87J;
						ProvisioningStyle = Automatic;
						TestTargetID = 7468019F1F3B43A3008033AA;
					};
					746C4F5F1F3D92E300C72C01 = {
						CreatedOnToolsVersion = 8.3.3;
						DevelopmentTeam = J9WL29R87J;
						ProvisioningStyle = Automatic;
					};
					746C4F701F3EEC2800C72C01 = {
						CreatedOnToolsVersion = 8.3.3;
						DevelopmentTeam = J9WL29R87J;
						ProvisioningStyle = Automatic;
					};
				};
			};
			buildConfigurationList = 7468019B1F3B43A3008033AA /* Build configuration list for PBXProject "PushTestApp" */;
			compatibilityVersion = "Xcode 3.2";
			developmentRegion = English;
			hasScannedForEncodings = 0;
			knownRegions = (
				en,
				Base,
			);
			mainGroup = 746801971F3B43A3008033AA;
			productRefGroup = 746801A11F3B43A3008033AA /* Products */;
			projectDirPath = "";
			projectRoot = "";
			targets = (
				7468019F1F3B43A3008033AA /* PushTestApp */,
				746801B81F3B43A3008033AA /* PushTestAppTests */,
				746801C31F3B43A3008033AA /* PushTestAppUITests */,
				746C4F5F1F3D92E300C72C01 /* pushService */,
				746C4F701F3EEC2800C72C01 /* Notification */,
			);
		};
/* End PBXProject section */

/* Begin PBXResourcesBuildPhase section */
		7468019E1F3B43A3008033AA /* Resources */ = {
			isa = PBXResourcesBuildPhase;
			buildActionMask = 2147483647;
			files = (
				746801B31F3B43A3008033AA /* LaunchScreen.storyboard in Resources */,
				746C4F5B1F3D57A400C72C01 /* imageName@2x.png in Resources */,
				746801B01F3B43A3008033AA /* Assets.xcassets in Resources */,
				746801AE1F3B43A3008033AA /* Main.storyboard in Resources */,
			);
			runOnlyForDeploymentPostprocessing = 0;
		};
		746801B71F3B43A3008033AA /* Resources */ = {
			isa = PBXResourcesBuildPhase;
			buildActionMask = 2147483647;
			files = (
			);
			runOnlyForDeploymentPostprocessing = 0;
		};
		746801C21F3B43A3008033AA /* Resources */ = {
			isa = PBXResourcesBuildPhase;
			buildActionMask = 2147483647;
			files = (
			);
			runOnlyForDeploymentPostprocessing = 0;
		};
		746C4F5E1F3D92E300C72C01 /* Resources */ = {
			isa = PBXResourcesBuildPhase;
			buildActionMask = 2147483647;
			files = (
			);
			runOnlyForDeploymentPostprocessing = 0;
		};
		746C4F6F1F3EEC2800C72C01 /* Resources */ = {
			isa = PBXResourcesBuildPhase;
			buildActionMask = 2147483647;
			files = (
				746C4F7D1F3EEC2900C72C01 /* MainInterface.storyboard in Resources */,
			);
			runOnlyForDeploymentPostprocessing = 0;
		};
/* End PBXResourcesBuildPhase section */

/* Begin PBXSourcesBuildPhase section */
		7468019C1F3B43A3008033AA /* Sources */ = {
			isa = PBXSourcesBuildPhase;
			buildActionMask = 2147483647;
			files = (
				746801AB1F3B43A3008033AA /* ViewController.m in Sources */,
				746801A81F3B43A3008033AA /* AppDelegate.m in Sources */,
				746801A51F3B43A3008033AA /* main.m in Sources */,
			);
			runOnlyForDeploymentPostprocessing = 0;
		};
		746801B51F3B43A3008033AA /* Sources */ = {
			isa = PBXSourcesBuildPhase;
			buildActionMask = 2147483647;
			files = (
				746801BE1F3B43A3008033AA /* PushTestAppTests.m in Sources */,
			);
			runOnlyForDeploymentPostprocessing = 0;
		};
		746801C01F3B43A3008033AA /* Sources */ = {
			isa = PBXSourcesBuildPhase;
			buildActionMask = 2147483647;
			files = (
				746801C91F3B43A3008033AA /* PushTestAppUITests.m in Sources */,
			);
			runOnlyForDeploymentPostprocessing = 0;
		};
		746C4F5C1F3D92E300C72C01 /* Sources */ = {
			isa = PBXSourcesBuildPhase;
			buildActionMask = 2147483647;
			files = (
				746C4F641F3D92E300C72C01 /* NotificationService.m in Sources */,
			);
			runOnlyForDeploymentPostprocessing = 0;
		};
		746C4F6D1F3EEC2800C72C01 /* Sources */ = {
			isa = PBXSourcesBuildPhase;
			buildActionMask = 2147483647;
			files = (
				746C4F7A1F3EEC2900C72C01 /* NotificationViewController.m in Sources */,
			);
			runOnlyForDeploymentPostprocessing = 0;
		};
/* End PBXSourcesBuildPhase section */

/* Begin PBXTargetDependency section */
		746801BB1F3B43A3008033AA /* PBXTargetDependency */ = {
			isa = PBXTargetDependency;
			target = 7468019F1F3B43A3008033AA /* PushTestApp */;
			targetProxy = 746801BA1F3B43A3008033AA /* PBXContainerItemProxy */;
		};
		746801C61F3B43A3008033AA /* PBXTargetDependency */ = {
			isa = PBXTargetDependency;
			target = 7468019F1F3B43A3008033AA /* PushTestApp */;
			targetProxy = 746801C51F3B43A3008033AA /* PBXContainerItemProxy */;
		};
		746C4F671F3D92E300C72C01 /* PBXTargetDependency */ = {
			isa = PBXTargetDependency;
			target = 746C4F5F1F3D92E300C72C01 /* pushService */;
			targetProxy = 746C4F661F3D92E300C72C01 /* PBXContainerItemProxy */;
		};
		746C4F801F3EEC2900C72C01 /* PBXTargetDependency */ = {
			isa = PBXTargetDependency;
			target = 746C4F701F3EEC2800C72C01 /* Notification */;
			targetProxy = 746C4F7F1F3EEC2900C72C01 /* PBXContainerItemProxy */;
		};
/* End PBXTargetDependency section */

/* Begin PBXVariantGroup section */
		746801AC1F3B43A3008033AA /* Main.storyboard */ = {
			isa = PBXVariantGroup;
			children = (
				746801AD1F3B43A3008033AA /* Base */,
			);
			name = Main.storyboard;
			sourceTree = "<group>";
		};
		746801B11F3B43A3008033AA /* LaunchScreen.storyboard */ = {
			isa = PBXVariantGroup;
			children = (
				746801B21F3B43A3008033AA /* Base */,
			);
			name = LaunchScreen.storyboard;
			sourceTree = "<group>";
		};
		746C4F7B1F3EEC2900C72C01 /* MainInterface.storyboard */ = {
			isa = PBXVariantGroup;
			children = (
				746C4F7C1F3EEC2900C72C01 /* Base */,
			);
			name = MainInterface.storyboard;
			sourceTree = "<group>";
		};
/* End PBXVariantGroup section */

/* Begin XCBuildConfiguration section */
		746801CB1F3B43A3008033AA /* Debug */ = {
			isa = XCBuildConfiguration;
			buildSettings = {
				ALWAYS_SEARCH_USER_PATHS = NO;
				CLANG_ANALYZER_NONNULL = YES;
				CLANG_ANALYZER_NUMBER_OBJECT_CONVERSION = YES_AGGRESSIVE;
				CLANG_CXX_LANGUAGE_STANDARD = "gnu++0x";
				CLANG_CXX_LIBRARY = "libc++";
				CLANG_ENABLE_MODULES = YES;
				CLANG_ENABLE_OBJC_ARC = YES;
				CLANG_WARN_BOOL_CONVERSION = YES;
				CLANG_WARN_CONSTANT_CONVERSION = YES;
				CLANG_WARN_DIRECT_OBJC_ISA_USAGE = YES_ERROR;
				CLANG_WARN_DOCUMENTATION_COMMENTS = YES;
				CLANG_WARN_EMPTY_BODY = YES;
				CLANG_WARN_ENUM_CONVERSION = YES;
				CLANG_WARN_INFINITE_RECURSION = YES;
				CLANG_WARN_INT_CONVERSION = YES;
				CLANG_WARN_OBJC_ROOT_CLASS = YES_ERROR;
				CLANG_WARN_SUSPICIOUS_MOVE = YES;
				CLANG_WARN_UNREACHABLE_CODE = YES;
				CLANG_WARN__DUPLICATE_METHOD_MATCH = YES;
				"CODE_SIGN_IDENTITY[sdk=iphoneos*]" = "iPhone Developer";
				COPY_PHASE_STRIP = NO;
				DEBUG_INFORMATION_FORMAT = dwarf;
				ENABLE_STRICT_OBJC_MSGSEND = YES;
				ENABLE_TESTABILITY = YES;
				GCC_C_LANGUAGE_STANDARD = gnu99;
				GCC_DYNAMIC_NO_PIC = NO;
				GCC_NO_COMMON_BLOCKS = YES;
				GCC_OPTIMIZATION_LEVEL = 0;
				GCC_PREPROCESSOR_DEFINITIONS = (
					"DEBUG=1",
					"$(inherited)",
				);
				GCC_WARN_64_TO_32_BIT_CONVERSION = YES;
				GCC_WARN_ABOUT_RETURN_TYPE = YES_ERROR;
				GCC_WARN_UNDECLARED_SELECTOR = YES;
				GCC_WARN_UNINITIALIZED_AUTOS = YES_AGGRESSIVE;
				GCC_WARN_UNUSED_FUNCTION = YES;
				GCC_WARN_UNUSED_VARIABLE = YES;
				IPHONEOS_DEPLOYMENT_TARGET = 8.0;
				MTL_ENABLE_DEBUG_INFO = YES;
				ONLY_ACTIVE_ARCH = YES;
				SDKROOT = iphoneos;
			};
			name = Debug;
		};
		746801CC1F3B43A3008033AA /* Release */ = {
			isa = XCBuildConfiguration;
			buildSettings = {
				ALWAYS_SEARCH_USER_PATHS = NO;
				CLANG_ANALYZER_NONNULL = YES;
				CLANG_ANALYZER_NUMBER_OBJECT_CONVERSION = YES_AGGRESSIVE;
				CLANG_CXX_LANGUAGE_STANDARD = "gnu++0x";
				CLANG_CXX_LIBRARY = "libc++";
				CLANG_ENABLE_MODULES = YES;
				CLANG_ENABLE_OBJC_ARC = YES;
				CLANG_WARN_BOOL_CONVERSION = YES;
				CLANG_WARN_CONSTANT_CONVERSION = YES;
				CLANG_WARN_DIRECT_OBJC_ISA_USAGE = YES_ERROR;
				CLANG_WARN_DOCUMENTATION_COMMENTS = YES;
				CLANG_WARN_EMPTY_BODY = YES;
				CLANG_WARN_ENUM_CONVERSION = YES;
				CLANG_WARN_INFINITE_RECURSION = YES;
				CLANG_WARN_INT_CONVERSION = YES;
				CLANG_WARN_OBJC_ROOT_CLASS = YES_ERROR;
				CLANG_WARN_SUSPICIOUS_MOVE = YES;
				CLANG_WARN_UNREACHABLE_CODE = YES;
				CLANG_WARN__DUPLICATE_METHOD_MATCH = YES;
				"CODE_SIGN_IDENTITY[sdk=iphoneos*]" = "iPhone Developer";
				COPY_PHASE_STRIP = NO;
				DEBUG_INFORMATION_FORMAT = "dwarf-with-dsym";
				ENABLE_NS_ASSERTIONS = NO;
				ENABLE_STRICT_OBJC_MSGSEND = YES;
				GCC_C_LANGUAGE_STANDARD = gnu99;
				GCC_NO_COMMON_BLOCKS = YES;
				GCC_WARN_64_TO_32_BIT_CONVERSION = YES;
				GCC_WARN_ABOUT_RETURN_TYPE = YES_ERROR;
				GCC_WARN_UNDECLARED_SELECTOR = YES;
				GCC_WARN_UNINITIALIZED_AUTOS = YES_AGGRESSIVE;
				GCC_WARN_UNUSED_FUNCTION = YES;
				GCC_WARN_UNUSED_VARIABLE = YES;
				IPHONEOS_DEPLOYMENT_TARGET = 8.0;
				MTL_ENABLE_DEBUG_INFO = NO;
				SDKROOT = iphoneos;
				VALIDATE_PRODUCT = YES;
			};
			name = Release;
		};
		746801CE1F3B43A3008033AA /* Debug */ = {
			isa = XCBuildConfiguration;
			buildSettings = {
				ASSETCATALOG_COMPILER_APPICON_NAME = AppIcon;
				DEVELOPMENT_TEAM = J9WL29R87J;
				INFOPLIST_FILE = PushTestApp/Info.plist;
				IPHONEOS_DEPLOYMENT_TARGET = 8.0;
				LD_RUNPATH_SEARCH_PATHS = "$(inherited) @executable_path/Frameworks";
				PRODUCT_BUNDLE_IDENTIFIER = com.wangsk.PushTestApp;
				PRODUCT_NAME = "$(TARGET_NAME)";
			};
			name = Debug;
		};
		746801CF1F3B43A3008033AA /* Release */ = {
			isa = XCBuildConfiguration;
			buildSettings = {
				ASSETCATALOG_COMPILER_APPICON_NAME = AppIcon;
				DEVELOPMENT_TEAM = J9WL29R87J;
				INFOPLIST_FILE = PushTestApp/Info.plist;
				IPHONEOS_DEPLOYMENT_TARGET = 8.0;
				LD_RUNPATH_SEARCH_PATHS = "$(inherited) @executable_path/Frameworks";
				PRODUCT_BUNDLE_IDENTIFIER = com.wangsk.PushTestApp;
				PRODUCT_NAME = "$(TARGET_NAME)";
			};
			name = Release;
		};
		746801D11F3B43A3008033AA /* Debug */ = {
			isa = XCBuildConfiguration;
			buildSettings = {
				BUNDLE_LOADER = "$(TEST_HOST)";
				DEVELOPMENT_TEAM = J9WL29R87J;
				INFOPLIST_FILE = PushTestAppTests/Info.plist;
				LD_RUNPATH_SEARCH_PATHS = "$(inherited) @executable_path/Frameworks @loader_path/Frameworks";
				PRODUCT_BUNDLE_IDENTIFIER = com.wangsk.PushTestAppTests;
				PRODUCT_NAME = "$(TARGET_NAME)";
				TEST_HOST = "$(BUILT_PRODUCTS_DIR)/PushTestApp.app/PushTestApp";
			};
			name = Debug;
		};
		746801D21F3B43A3008033AA /* Release */ = {
			isa = XCBuildConfiguration;
			buildSettings = {
				BUNDLE_LOADER = "$(TEST_HOST)";
				DEVELOPMENT_TEAM = J9WL29R87J;
				INFOPLIST_FILE = PushTestAppTests/Info.plist;
				LD_RUNPATH_SEARCH_PATHS = "$(inherited) @executable_path/Frameworks @loader_path/Frameworks";
				PRODUCT_BUNDLE_IDENTIFIER = com.wangsk.PushTestAppTests;
				PRODUCT_NAME = "$(TARGET_NAME)";
				TEST_HOST = "$(BUILT_PRODUCTS_DIR)/PushTestApp.app/PushTestApp";
			};
			name = Release;
		};
		746801D41F3B43A3008033AA /* Debug */ = {
			isa = XCBuildConfiguration;
			buildSettings = {
				DEVELOPMENT_TEAM = J9WL29R87J;
				INFOPLIST_FILE = PushTestAppUITests/Info.plist;
				LD_RUNPATH_SEARCH_PATHS = "$(inherited) @executable_path/Frameworks @loader_path/Frameworks";
				PRODUCT_BUNDLE_IDENTIFIER = com.wangsk.PushTestAppUITests;
				PRODUCT_NAME = "$(TARGET_NAME)";
				TEST_TARGET_NAME = PushTestApp;
			};
			name = Debug;
		};
		746801D51F3B43A3008033AA /* Release */ = {
			isa = XCBuildConfiguration;
			buildSettings = {
				DEVELOPMENT_TEAM = J9WL29R87J;
				INFOPLIST_FILE = PushTestAppUITests/Info.plist;
				LD_RUNPATH_SEARCH_PATHS = "$(inherited) @executable_path/Frameworks @loader_path/Frameworks";
				PRODUCT_BUNDLE_IDENTIFIER = com.wangsk.PushTestAppUITests;
				PRODUCT_NAME = "$(TARGET_NAME)";
				TEST_TARGET_NAME = PushTestApp;
			};
			name = Release;
		};
		746C4F691F3D92E300C72C01 /* Debug */ = {
			isa = XCBuildConfiguration;
			buildSettings = {
				DEVELOPMENT_TEAM = J9WL29R87J;
				INFOPLIST_FILE = pushService/Info.plist;
				IPHONEOS_DEPLOYMENT_TARGET = 10.3;
				LD_RUNPATH_SEARCH_PATHS = "$(inherited) @executable_path/Frameworks @executable_path/../../Frameworks";
				PRODUCT_BUNDLE_IDENTIFIER = com.wangsk.PushTestApp.pushService;
				PRODUCT_NAME = "$(TARGET_NAME)";
				SKIP_INSTALL = YES;
			};
			name = Debug;
		};
		746C4F6A1F3D92E300C72C01 /* Release */ = {
			isa = XCBuildConfiguration;
			buildSettings = {
				DEVELOPMENT_TEAM = J9WL29R87J;
				INFOPLIST_FILE = pushService/Info.plist;
				IPHONEOS_DEPLOYMENT_TARGET = 10.3;
				LD_RUNPATH_SEARCH_PATHS = "$(inherited) @executable_path/Frameworks @executable_path/../../Frameworks";
				PRODUCT_BUNDLE_IDENTIFIER = com.wangsk.PushTestApp.pushService;
				PRODUCT_NAME = "$(TARGET_NAME)";
				SKIP_INSTALL = YES;
			};
			name = Release;
		};
		746C4F831F3EEC2900C72C01 /* Debug */ = {
			isa = XCBuildConfiguration;
			buildSettings = {
				DEVELOPMENT_TEAM = J9WL29R87J;
				INFOPLIST_FILE = Notification/Info.plist;
				IPHONEOS_DEPLOYMENT_TARGET = 10.3;
				LD_RUNPATH_SEARCH_PATHS = "$(inherited) @executable_path/Frameworks @executable_path/../../Frameworks";
				PRODUCT_BUNDLE_IDENTIFIER = com.wangsk.PushTestApp.Notification;
				PRODUCT_NAME = "$(TARGET_NAME)";
				SKIP_INSTALL = YES;
			};
			name = Debug;
		};
		746C4F841F3EEC2900C72C01 /* Release */ = {
			isa = XCBuildConfiguration;
			buildSettings = {
				DEVELOPMENT_TEAM = J9WL29R87J;
				INFOPLIST_FILE = Notification/Info.plist;
				IPHONEOS_DEPLOYMENT_TARGET = 10.3;
				LD_RUNPATH_SEARCH_PATHS = "$(inherited) @executable_path/Frameworks @executable_path/../../Frameworks";
				PRODUCT_BUNDLE_IDENTIFIER = com.wangsk.PushTestApp.Notification;
				PRODUCT_NAME = "$(TARGET_NAME)";
				SKIP_INSTALL = YES;
			};
			name = Release;
		};
/* End XCBuildConfiguration section */

/* Begin XCConfigurationList section */
		7468019B1F3B43A3008033AA /* Build configuration list for PBXProject "PushTestApp" */ = {
			isa = XCConfigurationList;
			buildConfigurations = (
				746801CB1F3B43A3008033AA /* Debug */,
				746801CC1F3B43A3008033AA /* Release */,
			);
			defaultConfigurationIsVisible = 0;
			defaultConfigurationName = Release;
		};
		746801CD1F3B43A3008033AA /* Build configuration list for PBXNativeTarget "PushTestApp" */ = {
			isa = XCConfigurationList;
			buildConfigurations = (
				746801CE1F3B43A3008033AA /* Debug */,
				746801CF1F3B43A3008033AA /* Release */,
			);
			defaultConfigurationIsVisible = 0;
			defaultConfigurationName = Release;
		};
		746801D01F3B43A3008033AA /* Build configuration list for PBXNativeTarget "PushTestAppTests" */ = {
			isa = XCConfigurationList;
			buildConfigurations = (
				746801D11F3B43A3008033AA /* Debug */,
				746801D21F3B43A3008033AA /* Release */,
			);
			defaultConfigurationIsVisible = 0;
			defaultConfigurationName = Release;
		};
		746801D31F3B43A3008033AA /* Build configuration list for PBXNativeTarget "PushTestAppUITests" */ = {
			isa = XCConfigurationList;
			buildConfigurations = (
				746801D41F3B43A3008033AA /* Debug */,
				746801D51F3B43A3008033AA /* Release */,
			);
			defaultConfigurationIsVisible = 0;
			defaultConfigurationName = Release;
		};
		746C4F6B1F3D92E300C72C01 /* Build configuration list for PBXNativeTarget "pushService" */ = {
			isa = XCConfigurationList;
			buildConfigurations = (
				746C4F691F3D92E300C72C01 /* Debug */,
				746C4F6A1F3D92E300C72C01 /* Release */,
			);
			defaultConfigurationIsVisible = 0;
		};
		746C4F821F3EEC2900C72C01 /* Build configuration list for PBXNativeTarget "Notification" */ = {
			isa = XCConfigurationList;
			buildConfigurations = (
				746C4F831F3EEC2900C72C01 /* Debug */,
				746C4F841F3EEC2900C72C01 /* Release */,
			);
			defaultConfigurationIsVisible = 0;
		};
/* End XCConfigurationList section */
	};
	rootObject = 746801981F3B43A3008033AA /* Project object */;
}
